// !$*UTF8*$!
{
	archiveVersion = 1;
	classes = {
	};
	objectVersion = 46;
	objects = {

/* Begin PBXBuildFile section */
		790942F41A04E4AA00A74C63 /* AppDelegate.swift in Sources */ = {isa = PBXBuildFile; fileRef = 790942F31A04E4AA00A74C63 /* AppDelegate.swift */; };
		790942F61A04E4AA00A74C63 /* ViewController.swift in Sources */ = {isa = PBXBuildFile; fileRef = 790942F51A04E4AA00A74C63 /* ViewController.swift */; };
		790942F91A04E4AA00A74C63 /* Main.storyboard in Resources */ = {isa = PBXBuildFile; fileRef = 790942F71A04E4AA00A74C63 /* Main.storyboard */; };
		790942FB1A04E4AA00A74C63 /* Images.xcassets in Resources */ = {isa = PBXBuildFile; fileRef = 790942FA1A04E4AA00A74C63 /* Images.xcassets */; };
		790942FE1A04E4AA00A74C63 /* LaunchScreen.xib in Resources */ = {isa = PBXBuildFile; fileRef = 790942FC1A04E4AA00A74C63 /* LaunchScreen.xib */; };
		7909430A1A04E4AA00A74C63 /* PostcardTests.swift in Sources */ = {isa = PBXBuildFile; fileRef = 790943091A04E4AA00A74C63 /* PostcardTests.swift */; };
		790943141A04EDA700A74C63 /* MyPic.JPG in Resources */ = {isa = PBXBuildFile; fileRef = 790943131A04EDA700A74C63 /* MyPic.JPG */; };
		790943161A04F29700A74C63 /* Kalyan.JPG in Resources */ = {isa = PBXBuildFile; fileRef = 790943151A04F29700A74C63 /* Kalyan.JPG */; };
		790943181A053C9000A74C63 /* sachin.JPG in Resources */ = {isa = PBXBuildFile; fileRef = 790943171A053C9000A74C63 /* sachin.JPG */; };
/* End PBXBuildFile section */

/* Begin PBXContainerItemProxy section */
		790943041A04E4AA00A74C63 /* PBXContainerItemProxy */ = {
			isa = PBXContainerItemProxy;
			containerPortal = 790942E61A04E4AA00A74C63 /* Project object */;
			proxyType = 1;
			remoteGlobalIDString = 790942ED1A04E4AA00A74C63;
			remoteInfo = Postcard;
		};
/* End PBXContainerItemProxy section */

/* Begin PBXFileReference section */
		790942EE1A04E4AA00A74C63 /* Postcard.app */ = {isa = PBXFileReference; explicitFileType = wrapper.application; includeInIndex = 0; path = Postcard.app; sourceTree = BUILT_PRODUCTS_DIR; };
		790942F21A04E4AA00A74C63 /* Info.plist */ = {isa = PBXFileReference; lastKnownFileType = text.plist.xml; path = Info.plist; sourceTree = "<group>"; };
		790942F31A04E4AA00A74C63 /* AppDelegate.swift */ = {isa = PBXFileReference; lastKnownFileType = sourcecode.swift; path = AppDelegate.swift; sourceTree = "<group>"; };
		790942F51A04E4AA00A74C63 /* ViewController.swift */ = {isa = PBXFileReference; lastKnownFileType = sourcecode.swift; path = ViewController.swift; sourceTree = "<group>"; };
		790942F81A04E4AA00A74C63 /* Base */ = {isa = PBXFileReference; lastKnownFileType = file.storyboard; name = Base; path = Base.lproj/Main.storyboard; sourceTree = "<group>"; };
		790942FA1A04E4AA00A74C63 /* Images.xcassets */ = {isa = PBXFileReference; lastKnownFileType = folder.assetcatalog; path = Images.xcassets; sourceTree = "<group>"; };
		790942FD1A04E4AA00A74C63 /* Base */ = {isa = PBXFileReference; lastKnownFileType = file.xib; name = Base; path = Base.lproj/LaunchScreen.xib; sourceTree = "<group>"; };
		790943031A04E4AA00A74C63 /* PostcardTests.xctest */ = {isa = PBXFileReference; explicitFileType = wrapper.cfbundle; includeInIndex = 0; path = PostcardTests.xctest; sourceTree = BUILT_PRODUCTS_DIR; };
		790943081A04E4AA00A74C63 /* Info.plist */ = {isa = PBXFileReference; lastKnownFileType = text.plist.xml; path = Info.plist; sourceTree = "<group>"; };
		790943091A04E4AA00A74C63 /* PostcardTests.swift */ = {isa = PBXFileReference; lastKnownFileType = sourcecode.swift; path = PostcardTests.swift; sourceTree = "<group>"; };
		790943131A04EDA700A74C63 /* MyPic.JPG */ = {isa = PBXFileReference; lastKnownFileType = image.jpeg; path = MyPic.JPG; sourceTree = "<group>"; };
		790943151A04F29700A74C63 /* Kalyan.JPG */ = {isa = PBXFileReference; lastKnownFileType = image.jpeg; path = Kalyan.JPG; sourceTree = "<group>"; };
		790943171A053C9000A74C63 /* sachin.JPG */ = {isa = PBXFileReference; lastKnownFileType = image.jpeg; path = sachin.JPG; sourceTree = "<group>"; };
/* End PBXFileReference section */

/* Begin PBXFrameworksBuildPhase section */
		790942EB1A04E4AA00A74C63 /* Frameworks */ = {
			isa = PBXFrameworksBuildPhase;
			buildActionMask = 2147483647;
			files = (
			);
			runOnlyForDeploymentPostprocessing = 0;
		};
		790943001A04E4AA00A74C63 /* Frameworks */ = {
			isa = PBXFrameworksBuildPhase;
			buildActionMask = 2147483647;
			files = (
			);
			runOnlyForDeploymentPostprocessing = 0;
		};
/* End PBXFrameworksBuildPhase section */

/* Begin PBXGroup section */
		790942E51A04E4AA00A74C63 = {
			isa = PBXGroup;
			children = (
				790942F01A04E4AA00A74C63 /* Postcard */,
				790943061A04E4AA00A74C63 /* PostcardTests */,
				790942EF1A04E4AA00A74C63 /* Products */,
			);
			sourceTree = "<group>";
		};
		790942EF1A04E4AA00A74C63 /* Products */ = {
			isa = PBXGroup;
			children = (
				790942EE1A04E4AA00A74C63 /* Postcard.app */,
				790943031A04E4AA00A74C63 /* PostcardTests.xctest */,
			);
			name = Products;
			sourceTree = "<group>";
		};
		790942F01A04E4AA00A74C63 /* Postcard */ = {
			isa = PBXGroup;
			children = (
				790942F31A04E4AA00A74C63 /* AppDelegate.swift */,
				790942F51A04E4AA00A74C63 /* ViewController.swift */,
				790942F71A04E4AA00A74C63 /* Main.storyboard */,
				790942FA1A04E4AA00A74C63 /* Images.xcassets */,
				790942FC1A04E4AA00A74C63 /* LaunchScreen.xib */,
				790942F11A04E4AA00A74C63 /* Supporting Files */,
			);
			path = Postcard;
			sourceTree = "<group>";
		};
		790942F11A04E4AA00A74C63 /* Supporting Files */ = {
			isa = PBXGroup;
			children = (
				790943171A053C9000A74C63 /* sachin.JPG */,
				790943151A04F29700A74C63 /* Kalyan.JPG */,
				790943131A04EDA700A74C63 /* MyPic.JPG */,
				790942F21A04E4AA00A74C63 /* Info.plist */,
			);
			name = "Supporting Files";
			sourceTree = "<group>";
		};
		790943061A04E4AA00A74C63 /* PostcardTests */ = {
			isa = PBXGroup;
			children = (
				790943091A04E4AA00A74C63 /* PostcardTests.swift */,
				790943071A04E4AA00A74C63 /* Supporting Files */,
			);
			path = PostcardTests;
			sourceTree = "<group>";
		};
		790943071A04E4AA00A74C63 /* Supporting Files */ = {
			isa = PBXGroup;
			children = (
				790943081A04E4AA00A74C63 /* Info.plist */,
			);
			name = "Supporting Files";
			sourceTree = "<group>";
		};
/* End PBXGroup section */

/* Begin PBXNativeTarget section */
		790942ED1A04E4AA00A74C63 /* Postcard */ = {
			isa = PBXNativeTarget;
			buildConfigurationList = 7909430D1A04E4AA00A74C63 /* Build configuration list for PBXNativeTarget "Postcard" */;
			buildPhases = (
				790942EA1A04E4AA00A74C63 /* Sources */,
				790942EB1A04E4AA00A74C63 /* Frameworks */,
				790942EC1A04E4AA00A74C63 /* Resources */,
			);
			buildRules = (
			);
			dependencies = (
			);
			name = Postcard;
			productName = Postcard;
			productReference = 790942EE1A04E4AA00A74C63 /* Postcard.app */;
			productType = "com.apple.product-type.application";
		};
		790943021A04E4AA00A74C63 /* PostcardTests */ = {
			isa = PBXNativeTarget;
			buildConfigurationList = 790943101A04E4AA00A74C63 /* Build configuration list for PBXNativeTarget "PostcardTests" */;
			buildPhases = (
				790942FF1A04E4AA00A74C63 /* Sources */,
				790943001A04E4AA00A74C63 /* Frameworks */,
				790943011A04E4AA00A74C63 /* Resources */,
			);
			buildRules = (
			);
			dependencies = (
				790943051A04E4AA00A74C63 /* PBXTargetDependency */,
			);
			name = PostcardTests;
			productName = PostcardTests;
			productReference = 790943031A04E4AA00A74C63 /* PostcardTests.xctest */;
			productType = "com.apple.product-type.bundle.unit-test";
		};
/* End PBXNativeTarget section */

/* Begin PBXProject section */
		790942E61A04E4AA00A74C63 /* Project object */ = {
			isa = PBXProject;
			attributes = {
				LastUpgradeCheck = 0610;
				ORGANIZATIONNAME = "anand sai krishna khandrika";
				TargetAttributes = {
					790942ED1A04E4AA00A74C63 = {
						CreatedOnToolsVersion = 6.1;
					};
					790943021A04E4AA00A74C63 = {
						CreatedOnToolsVersion = 6.1;
						TestTargetID = 790942ED1A04E4AA00A74C63;
					};
				};
			};
			buildConfigurationList = 790942E91A04E4AA00A74C63 /* Build configuration list for PBXProject "Postcard" */;
			compatibilityVersion = "Xcode 3.2";
			developmentRegion = English;
			hasScannedForEncodings = 0;
			knownRegions = (
				en,
				Base,
			);
			mainGroup = 790942E51A04E4AA00A74C63;
			productRefGroup = 790942EF1A04E4AA00A74C63 /* Products */;
			projectDirPath = "";
			projectRoot = "";
			targets = (
				790942ED1A04E4AA00A74C63 /* Postcard */,
				790943021A04E4AA00A74C63 /* PostcardTests */,
			);
		};
/* End PBXProject section */

/* Begin PBXResourcesBuildPhase section */
		790942EC1A04E4AA00A74C63 /* Resources */ = {
			isa = PBXResourcesBuildPhase;
			buildActionMask = 2147483647;
			files = (
				790942F91A04E4AA00A74C63 /* Main.storyboard in Resources */,
				790943181A053C9000A74C63 /* sachin.JPG in Resources */,
				790942FE1A04E4AA00A74C63 /* LaunchScreen.xib in Resources */,
				790943141A04EDA700A74C63 /* MyPic.JPG in Resources */,
				790942FB1A04E4AA00A74C63 /* Images.xcassets in Resources */,
				790943161A04F29700A74C63 /* Kalyan.JPG in Resources */,
			);
			runOnlyForDeploymentPostprocessing = 0;
		};
		790943011A04E4AA00A74C63 /* Resources */ = {
			isa = PBXResourcesBuildPhase;
			buildActionMask = 2147483647;
			files = (
			);
			runOnlyForDeploymentPostprocessing = 0;
		};
/* End PBXResourcesBuildPhase section */

/* Begin PBXSourcesBuildPhase section */
		790942EA1A04E4AA00A74C63 /* Sources */ = {
			isa = PBXSourcesBuildPhase;
			buildActionMask = 2147483647;
			files = (
				790942F61A04E4AA00A74C63 /* ViewController.swift in Sources */,
				790942F41A04E4AA00A74C63 /* AppDelegate.swift in Sources */,
			);
			runOnlyForDeploymentPostprocessing = 0;
		};
		790942FF1A04E4AA00A74C63 /* Sources */ = {
			isa = PBXSourcesBuildPhase;
			buildActionMask = 2147483647;
			files = (
				7909430A1A04E4AA00A74C63 /* PostcardTests.swift in Sources */,
			);
			runOnlyForDeploymentPostprocessing = 0;
		};
/* End PBXSourcesBuildPhase section */

/* Begin PBXTargetDependency section */
		790943051A04E4AA00A74C63 /* PBXTargetDependency */ = {
			isa = PBXTargetDependency;
			target = 790942ED1A04E4AA00A74C63 /* Postcard */;
			targetProxy = 790943041A04E4AA00A74C63 /* PBXContainerItemProxy */;
		};
/* End PBXTargetDependency section */

/* Begin PBXVariantGroup section */
		790942F71A04E4AA00A74C63 /* Main.storyboard */ = {
			isa = PBXVariantGroup;
			children = (
				790942F81A04E4AA00A74C63 /* Base */,
			);
			name = Main.storyboard;
			sourceTree = "<group>";
		};
		790942FC1A04E4AA00A74C63 /* LaunchScreen.xib */ = {
			isa = PBXVariantGroup;
			children = (
				790942FD1A04E4AA00A74C63 /* Base */,
			);
			name = LaunchScreen.xib;
			sourceTree = "<group>";
		};
/* End PBXVariantGroup section */

/* Begin XCBuildConfiguration section */
		7909430B1A04E4AA00A74C63 /* Debug */ = {
			isa = XCBuildConfiguration;
			buildSettings = {
				ALWAYS_SEARCH_USER_PATHS = NO;
				CLANG_CXX_LANGUAGE_STANDARD = "gnu++0x";
				CLANG_CXX_LIBRARY = "libc++";
				CLANG_ENABLE_MODULES = YES;
				CLANG_ENABLE_OBJC_ARC = YES;
				CLANG_WARN_BOOL_CONVERSION = YES;
				CLANG_WARN_CONSTANT_CONVERSION = YES;
				CLANG_WARN_DIRECT_OBJC_ISA_USAGE = YES_ERROR;
				CLANG_WARN_EMPTY_BODY = YES;
				CLANG_WARN_ENUM_CONVERSION = YES;
				CLANG_WARN_INT_CONVERSION = YES;
				CLANG_WARN_OBJC_ROOT_CLASS = YES_ERROR;
				CLANG_WARN_UNREACHABLE_CODE = YES;
				CLANG_WARN__DUPLICATE_METHOD_MATCH = YES;
				"CODE_SIGN_IDENTITY[sdk=iphoneos*]" = "iPhone Developer";
				COPY_PHASE_STRIP = NO;
				ENABLE_STRICT_OBJC_MSGSEND = YES;
				GCC_C_LANGUAGE_STANDARD = gnu99;
				GCC_DYNAMIC_NO_PIC = NO;
				GCC_OPTIMIZATION_LEVEL = 0;
				GCC_PREPROCESSOR_DEFINITIONS = (
					"DEBUG=1",
					"$(inherited)",
				);
				GCC_SYMBOLS_PRIVATE_EXTERN = NO;
				GCC_WARN_64_TO_32_BIT_CONVERSION = YES;
				GCC_WARN_ABOUT_RETURN_TYPE = YES_ERROR;
				GCC_WARN_UNDECLARED_SELECTOR = YES;
				GCC_WARN_UNINITIALIZED_AUTOS = YES_AGGRESSIVE;
				GCC_WARN_UNUSED_FUNCTION = YES;
				GCC_WARN_UNUSED_VARIABLE = YES;
				IPHONEOS_DEPLOYMENT_TARGET = 8.1;
				MTL_ENABLE_DEBUG_INFO = YES;
				ONLY_ACTIVE_ARCH = YES;
				SDKROOT = iphoneos;
				SWIFT_OPTIMIZATION_LEVEL = "-Onone";
				TARGETED_DEVICE_FAMILY = "1,2";
			};
			name = Debug;
		};
		7909430C1A04E4AA00A74C63 /* Release */ = {
			isa = XCBuildConfiguration;
			buildSettings = {
				ALWAYS_SEARCH_USER_PATHS = NO;
				CLANG_CXX_LANGUAGE_STANDARD = "gnu++0x";
				CLANG_CXX_LIBRARY = "libc++";
				CLANG_ENABLE_MODULES = YES;
				CLANG_ENABLE_OBJC_ARC = YES;
				CLANG_WARN_BOOL_CONVERSION = YES;
				CLANG_WARN_CONSTANT_CONVERSION = YES;
				CLANG_WARN_DIRECT_OBJC_ISA_USAGE = YES_ERROR;
				CLANG_WARN_EMPTY_BODY = YES;
				CLANG_WARN_ENUM_CONVERSION = YES;
				CLANG_WARN_INT_CONVERSION = YES;
				CLANG_WARN_OBJC_ROOT_CLASS = YES_ERROR;
				CLANG_WARN_UNREACHABLE_CODE = YES;
				CLANG_WARN__DUPLICATE_METHOD_MATCH = YES;
				"CODE_SIGN_IDENTITY[sdk=iphoneos*]" = "iPhone Developer";
				COPY_PHASE_STRIP = YES;
				ENABLE_NS_ASSERTIONS = NO;
				ENABLE_STRICT_OBJC_MSGSEND = YES;
				GCC_C_LANGUAGE_STANDARD = gnu99;
				GCC_WARN_64_TO_32_BIT_CONVERSION = YES;
				GCC_WARN_ABOUT_RETURN_TYPE = YES_ERROR;
				GCC_WARN_UNDECLARED_SELECTOR = YES;
				GCC_WARN_UNINITIALIZED_AUTOS = YES_AGGRESSIVE;
				GCC_WARN_UNUSED_FUNCTION = YES;
				GCC_WARN_UNUSED_VARIABLE = YES;
				IPHONEOS_DEPLOYMENT_TARGET = 8.1;
				MTL_ENABLE_DEBUG_INFO = NO;
				SDKROOT = iphoneos;
				TARGETED_DEVICE_FAMILY = "1,2";
				VALIDATE_PRODUCT = YES;
			};
			name = Release;
		};
		7909430E1A04E4AA00A74C63 /* Debug */ = {
			isa = XCBuildConfiguration;
			buildSettings = {
				ASSETCATALOG_COMPILER_APPICON_NAME = AppIcon;
				INFOPLIST_FILE = Postcard/Info.plist;
				LD_RUNPATH_SEARCH_PATHS = "$(inherited) @executable_path/Frameworks";
				PRODUCT_NAME = "$(TARGET_NAME)";
			};
			name = Debug;
		};
		7909430F1A04E4AA00A74C63 /* Release */ = {
			isa = XCBuildConfiguration;
			buildSettings = {
				ASSETCATALOG_COMPILER_APPICON_NAME = AppIcon;
				INFOPLIST_FILE = Postcard/Info.plist;
				LD_RUNPATH_SEARCH_PATHS = "$(inherited) @executable_path/Frameworks";
				PRODUCT_NAME = "$(TARGET_NAME)";
			};
			name = Release;
		};
		790943111A04E4AA00A74C63 /* Debug */ = {
			isa = XCBuildConfiguration;
			buildSettings = {
				BUNDLE_LOADER = "$(TEST_HOST)";
				FRAMEWORK_SEARCH_PATHS = (
					"$(SDKROOT)/Developer/Library/Frameworks",
					"$(inherited)",
				);
				GCC_PREPROCESSOR_DEFINITIONS = (
					"DEBUG=1",
					"$(inherited)",
				);
				INFOPLIST_FILE = PostcardTests/Info.plist;
				LD_RUNPATH_SEARCH_PATHS = "$(inherited) @executable_path/Frameworks @loader_path/Frameworks";
				PRODUCT_NAME = "$(TARGET_NAME)";
				TEST_HOST = "$(BUILT_PRODUCTS_DIR)/Postcard.app/Postcard";
			};
			name = Debug;
		};
		790943121A04E4AA00A74C63 /* Release */ = {
			isa = XCBuildConfiguration;
			buildSettings = {
				BUNDLE_LOADER = "$(TEST_HOST)";
				FRAMEWORK_SEARCH_PATHS = (
					"$(SDKROOT)/Developer/Library/Frameworks",
					"$(inherited)",
				);
				INFOPLIST_FILE = PostcardTests/Info.plist;
				LD_RUNPATH_SEARCH_PATHS = "$(inherited) @executable_path/Frameworks @loader_path/Frameworks";
				PRODUCT_NAME = "$(TARGET_NAME)";
				TEST_HOST = "$(BUILT_PRODUCTS_DIR)/Postcard.app/Postcard";
			};
			name = Release;
		};
/* End XCBuildConfiguration section */

/* Begin XCConfigurationList section */
		790942E91A04E4AA00A74C63 /* Build configuration list for PBXProject "Postcard" */ = {
			isa = XCConfigurationList;
			buildConfigurations = (
				7909430B1A04E4AA00A74C63 /* Debug */,
				7909430C1A04E4AA00A74C63 /* Release */,
			);
			defaultConfigurationIsVisible = 0;
			defaultConfigurationName = Release;
		};
		7909430D1A04E4AA00A74C63 /* Build configuration list for PBXNativeTarget "Postcard" */ = {
			isa = XCConfigurationList;
			buildConfigurations = (
				7909430E1A04E4AA00A74C63 /* Debug */,
				7909430F1A04E4AA00A74C63 /* Release */,
			);
			defaultConfigurationIsVisible = 0;
		};
		790943101A04E4AA00A74C63 /* Build configuration list for PBXNativeTarget "PostcardTests" */ = {
			isa = XCConfigurationList;
			buildConfigurations = (
				790943111A04E4AA00A74C63 /* Debug */,
				790943121A04E4AA00A74C63 /* Release */,
			);
			defaultConfigurationIsVisible = 0;
		};
/* End XCConfigurationList section */
	};
	rootObject = 790942E61A04E4AA00A74C63 /* Project object */;
}
